<?xml version="1.0" encoding="utf-8"?>
<Project ToolsVersion="4.0" xmlns="http://schemas.microsoft.com/developer/msbuild/2003">
  <ItemGroup>
    <ClInclude Include="pch.h">
      <Filter>Default</Filter>
    </ClInclude>
    <ClInclude Include="framework.h">
      <Filter>Default</Filter>
    </ClInclude>
    <ClInclude Include="CActorScript.h">
      <Filter>ScriptCode\Actor</Filter>
    </ClInclude>
    <ClInclude Include="CBatScript.h">
      <Filter>ScriptCode\Actor\Monster\Bat</Filter>
    </ClInclude>
    <ClInclude Include="CBazookaBullet.h">
      <Filter>ScriptCode\Actor\Projectile\Bazooka</Filter>
    </ClInclude>
    <ClInclude Include="CBazookaScript.h">
      <Filter>ScriptCode\Actor\Monster\Bazooka</Filter>
    </ClInclude>
    <ClInclude Include="CBossScript.h">
      <Filter>ScriptCode\Actor\Boss</Filter>
    </ClInclude>
    <ClInclude Include="CCameraScript.h">
      <Filter>ScriptCode\System\Camera</Filter>
    </ClInclude>
    <ClInclude Include="CCrowBatBullet.h">
      <Filter>ScriptCode\Actor\Projectile\Crow</Filter>
    </ClInclude>
    <ClInclude Include="CCrowBullet.h">
      <Filter>ScriptCode\Actor\Projectile\Crow</Filter>
    </ClInclude>
    <ClInclude Include="CCrowEggBullet.h">
      <Filter>ScriptCode\Actor\Projectile\Crow</Filter>
    </ClInclude>
    <ClInclude Include="CCrowScript.h">
      <Filter>ScriptCode\Actor\Boss\Crow</Filter>
    </ClInclude>
    <ClInclude Include="CIronmaceScript.h">
      <Filter>ScriptCode\Actor\Boss\Ironmace</Filter>
    </ClInclude>
    <ClInclude Include="CMonsterScript.h">
      <Filter>ScriptCode\Actor\Monster</Filter>
    </ClInclude>
    <ClInclude Include="CNailScript.h">
      <Filter>ScriptCode\Actor\Monster\Nail</Filter>
    </ClInclude>
    <ClInclude Include="CPlantBullet.h">
      <Filter>ScriptCode\Actor\Projectile\Plant</Filter>
    </ClInclude>
    <ClInclude Include="CPlantScript.h">
      <Filter>ScriptCode\Actor\Monster\Plant</Filter>
    </ClInclude>
    <ClInclude Include="CPlayerArrow.h">
      <Filter>ScriptCode\Actor\Projectile\Player</Filter>
    </ClInclude>
    <ClInclude Include="CPlayerBomb.h">
      <Filter>ScriptCode\Actor\Projectile\Player</Filter>
    </ClInclude>
    <ClInclude Include="CPlayerMagic.h">
      <Filter>ScriptCode\Actor\Projectile\Player</Filter>
    </ClInclude>
    <ClInclude Include="CPlayerScript.h">
      <Filter>ScriptCode\Actor\Player</Filter>
    </ClInclude>
    <ClInclude Include="CProjectile.h">
      <Filter>ScriptCode\Actor\Projectile</Filter>
    </ClInclude>
    <ClInclude Include="CRandomMgrScript.h">
      <Filter>ScriptCode\System\Random</Filter>
    </ClInclude>
    <ClInclude Include="CScriptMgr.h">
      <Filter>ScriptCode</Filter>
    </ClInclude>
    <ClInclude Include="CSkullBullet.h">
      <Filter>ScriptCode\Actor\Projectile\Skull</Filter>
    </ClInclude>
    <ClInclude Include="CSkullScript.h">
      <Filter>ScriptCode\Actor\Monster\Skull</Filter>
    </ClInclude>
    <ClInclude Include="CSkyBoxScript.h">
      <Filter>ScriptCode\System\SkyBox</Filter>
    </ClInclude>
    <ClInclude Include="CSpearManScript.h">
      <Filter>ScriptCode\Actor\Monster\SpearMan</Filter>
    </ClInclude>
    <ClInclude Include="CSpiderScript.h">
      <Filter>ScriptCode\Actor\Monster\Spider</Filter>
    </ClInclude>
    <ClInclude Include="CTestMonsterAttackEffect.h">
      <Filter>ScriptCode\Actor\Projectile\TestMonster</Filter>
    </ClInclude>
    <ClInclude Include="CTestMonsterScript.h">
      <Filter>ScriptCode\Actor\Monster\TestMonster</Filter>
    </ClInclude>
    <ClInclude Include="CTongueBullet.h">
      <Filter>ScriptCode\Actor\Projectile\Tongue</Filter>
    </ClInclude>
    <ClInclude Include="CTongueScript.h">
      <Filter>ScriptCode\Actor\Monster\Tongue</Filter>
    </ClInclude>
    <ClInclude Include="TCrowBatBullet.h">
      <Filter>ScriptCode\FSM\Boss\Crow</Filter>
    </ClInclude>
    <ClInclude Include="TCrowCutScene.h">
      <Filter>ScriptCode\FSM\Boss\Crow</Filter>
    </ClInclude>
    <ClInclude Include="TCrowDeath.h">
      <Filter>ScriptCode\FSM\Boss\Crow</Filter>
    </ClInclude>
    <ClInclude Include="TCrowGuidedBullet.h">
      <Filter>ScriptCode\FSM\Boss\Crow</Filter>
    </ClInclude>
    <ClInclude Include="TCrowIdle.h">
      <Filter>ScriptCode\FSM\Boss\Crow</Filter>
    </ClInclude>
    <ClInclude Include="TCrowJump.h">
      <Filter>ScriptCode\FSM\Boss\Crow</Filter>
    </ClInclude>
    <ClInclude Include="TCrowLeftSpin.h">
      <Filter>ScriptCode\FSM\Boss\Crow</Filter>
    </ClInclude>
    <ClInclude Include="TCrowRightSpin.h">
      <Filter>ScriptCode\FSM\Boss\Crow</Filter>
    </ClInclude>
    <ClInclude Include="TCrowRun.h">
      <Filter>ScriptCode\FSM\Boss\Crow</Filter>
    </ClInclude>
    <ClInclude Include="TCrowSliding.h">
      <Filter>ScriptCode\FSM\Boss\Crow</Filter>
    </ClInclude>
    <ClInclude Include="TCrowSlidingReady.h">
      <Filter>ScriptCode\FSM\Boss\Crow</Filter>
    </ClInclude>
    <ClInclude Include="TCrowSlidingRot.h">
      <Filter>ScriptCode\FSM\Boss\Crow</Filter>
    </ClInclude>
    <ClInclude Include="TCrowSpitting.h">
      <Filter>ScriptCode\FSM\Boss\Crow</Filter>
    </ClInclude>
    <ClInclude Include="TCrowStandingDeath.h">
      <Filter>ScriptCode\FSM\Boss\Crow</Filter>
    </ClInclude>
    <ClInclude Include="TCrowStomp.h">
      <Filter>ScriptCode\FSM\Boss\Crow</Filter>
    </ClInclude>
    <ClInclude Include="TCrowWalk.h">
      <Filter>ScriptCode\FSM\Boss\Crow</Filter>
    </ClInclude>
    <ClInclude Include="TIronChopAttack.h">
      <Filter>ScriptCode\FSM\Boss\Iron</Filter>
    </ClInclude>
    <ClInclude Include="TIronChopAttackCombo.h">
      <Filter>ScriptCode\FSM\Boss\Iron</Filter>
    </ClInclude>
    <ClInclude Include="TIronChopAttackComboEnd.h">
      <Filter>ScriptCode\FSM\Boss\Iron</Filter>
    </ClInclude>
    <ClInclude Include="TIronChopAttackEnd.h">
      <Filter>ScriptCode\FSM\Boss\Iron</Filter>
    </ClInclude>
    <ClInclude Include="TIronCutScene.h">
      <Filter>ScriptCode\FSM\Boss\Iron</Filter>
    </ClInclude>
    <ClInclude Include="TIronDeath.h">
      <Filter>ScriptCode\FSM\Boss\Iron</Filter>
    </ClInclude>
    <ClInclude Include="TIronJumpAttack.h">
      <Filter>ScriptCode\FSM\Boss\Iron</Filter>
    </ClInclude>
    <ClInclude Include="TIronJumpAttack2.h">
      <Filter>ScriptCode\FSM\Boss\Iron</Filter>
    </ClInclude>
    <ClInclude Include="TIronJumpFinish.h">
      <Filter>ScriptCode\FSM\Boss\Iron</Filter>
    </ClInclude>
    <ClInclude Include="TIronJumpReady.h">
      <Filter>ScriptCode\FSM\Boss\Iron</Filter>
    </ClInclude>
    <ClInclude Include="TIronRunAttack.h">
      <Filter>ScriptCode\FSM\Boss\Iron</Filter>
    </ClInclude>
    <ClInclude Include="TIronSpinAttack.h">
      <Filter>ScriptCode\FSM\Boss\Iron</Filter>
    </ClInclude>
    <ClInclude Include="TIronSpinAttackCombo.h">
      <Filter>ScriptCode\FSM\Boss\Iron</Filter>
    </ClInclude>
    <ClInclude Include="TIronWalk.h">
      <Filter>ScriptCode\FSM\Boss\Iron</Filter>
    </ClInclude>
    <ClInclude Include="TPlayerArrow.h">
      <Filter>ScriptCode\FSM\Player</Filter>
    </ClInclude>
    <ClInclude Include="TPlayerBomb.h">
      <Filter>ScriptCode\FSM\Player</Filter>
    </ClInclude>
    <ClInclude Include="TPlayerBomb_Finish.h">
      <Filter>ScriptCode\FSM\Player</Filter>
    </ClInclude>
    <ClInclude Include="TPlayerCharge_Attack_L.h">
      <Filter>ScriptCode\FSM\Player</Filter>
    </ClInclude>
    <ClInclude Include="TPlayerCharge_Attack_R.h">
      <Filter>ScriptCode\FSM\Player</Filter>
    </ClInclude>
    <ClInclude Include="TPlayerCharge_L.h">
      <Filter>ScriptCode\FSM\Player</Filter>
    </ClInclude>
    <ClInclude Include="TPlayerCharge_R.h">
      <Filter>ScriptCode\FSM\Player</Filter>
    </ClInclude>
    <ClInclude Include="TPlayerChargeMax_L.h">
      <Filter>ScriptCode\FSM\Player</Filter>
    </ClInclude>
    <ClInclude Include="TPlayerChargeMax_R.h">
      <Filter>ScriptCode\FSM\Player</Filter>
    </ClInclude>
    <ClInclude Include="TPlayerDance.h">
      <Filter>ScriptCode\FSM\Player</Filter>
    </ClInclude>
    <ClInclude Include="TPlayerDrown.h">
      <Filter>ScriptCode\FSM\Player</Filter>
    </ClInclude>
    <ClInclude Include="TPlayerGet_Item.h">
      <Filter>ScriptCode\FSM\Player</Filter>
    </ClInclude>
    <ClInclude Include="TPlayerHit_Back.h">
      <Filter>ScriptCode\FSM\Player</Filter>
    </ClInclude>
    <ClInclude Include="TPlayerHit_Recover.h">
      <Filter>ScriptCode\FSM\Player</Filter>
    </ClInclude>
    <ClInclude Include="TPlayerHook.h">
      <Filter>ScriptCode\FSM\Player</Filter>
    </ClInclude>
    <ClInclude Include="TPlayerHookFly.h">
      <Filter>ScriptCode\FSM\Player</Filter>
    </ClInclude>
    <ClInclude Include="TPlayerIdle.h">
      <Filter>ScriptCode\FSM\Player</Filter>
    </ClInclude>
    <ClInclude Include="TPlayerLadder_Down.h">
      <Filter>ScriptCode\FSM\Player</Filter>
    </ClInclude>
    <ClInclude Include="TPlayerLadder_Top.h">
      <Filter>ScriptCode\FSM\Player</Filter>
    </ClInclude>
    <ClInclude Include="TPlayerLadder_Up.h">
      <Filter>ScriptCode\FSM\Player</Filter>
    </ClInclude>
    <ClInclude Include="TPlayerMagic.h">
      <Filter>ScriptCode\FSM\Player</Filter>
    </ClInclude>
    <ClInclude Include="TPlayerRoll.h">
      <Filter>ScriptCode\FSM\Player</Filter>
    </ClInclude>
    <ClInclude Include="TPlayerRollSlash.h">
      <Filter>ScriptCode\FSM\Player</Filter>
    </ClInclude>
    <ClInclude Include="TPlayerRun.h">
      <Filter>ScriptCode\FSM\Player</Filter>
    </ClInclude>
    <ClInclude Include="TPlayerSlash_Attack_L.h">
      <Filter>ScriptCode\FSM\Player</Filter>
    </ClInclude>
    <ClInclude Include="TPlayerSlash_Attack_R.h">
      <Filter>ScriptCode\FSM\Player</Filter>
    </ClInclude>
    <ClInclude Include="CCastleScript.h">
      <Filter>ScriptCode\Actor\Boss\Castle</Filter>
    </ClInclude>
    <ClInclude Include="TCastleCutScene.h">
      <Filter>ScriptCode\FSM\Boss\Castle</Filter>
    </ClInclude>
    <ClInclude Include="TCastleFly.h">
      <Filter>ScriptCode\FSM\Boss\Castle</Filter>
    </ClInclude>
    <ClInclude Include="TCastleFly_Finish.h">
      <Filter>ScriptCode\FSM\Boss\Castle</Filter>
    </ClInclude>
    <ClInclude Include="TCastleFly_Start.h">
      <Filter>ScriptCode\FSM\Boss\Castle</Filter>
    </ClInclude>
    <ClInclude Include="TCastleFly_Stay.h">
      <Filter>ScriptCode\FSM\Boss\Castle</Filter>
    </ClInclude>
    <ClInclude Include="TCastleLaser_Finish.h">
      <Filter>ScriptCode\FSM\Boss\Castle</Filter>
    </ClInclude>
    <ClInclude Include="TCastleLaser_Ready.h">
      <Filter>ScriptCode\FSM\Boss\Castle</Filter>
    </ClInclude>
    <ClInclude Include="TCastleLeftBack_HalfSpin.h">
      <Filter>ScriptCode\FSM\Boss\Castle</Filter>
    </ClInclude>
    <ClInclude Include="TCastleLeftFront_HalfSpin.h">
      <Filter>ScriptCode\FSM\Boss\Castle</Filter>
    </ClInclude>
    <ClInclude Include="TCastleMissile_Close.h">
      <Filter>ScriptCode\FSM\Boss\Castle</Filter>
    </ClInclude>
    <ClInclude Include="TCastleMissile_Open.h">
      <Filter>ScriptCode\FSM\Boss\Castle</Filter>
    </ClInclude>
    <ClInclude Include="TCastleRightBack_HalfSpin.h">
      <Filter>ScriptCode\FSM\Boss\Castle</Filter>
    </ClInclude>
    <ClInclude Include="TCastleRightFront_HalfSpin.h">
      <Filter>ScriptCode\FSM\Boss\Castle</Filter>
    </ClInclude>
    <ClInclude Include="TCastleSpin.h">
      <Filter>ScriptCode\FSM\Boss\Castle</Filter>
    </ClInclude>
    <ClInclude Include="TCastleWalk.h">
      <Filter>ScriptCode\FSM\Boss\Castle</Filter>
    </ClInclude>
    <ClInclude Include="CCastleBullet.h">
      <Filter>ScriptCode\Actor\Projectile\Castle</Filter>
    </ClInclude>
    <ClInclude Include="CMapChange.h">
      <Filter>ScriptCode\System\Map</Filter>
    </ClInclude>
    <ClInclude Include="CFadeScript.h">
      <Filter>ScriptCode\System\Camera\Fade</Filter>
    </ClInclude>
    <ClInclude Include="TCastleDeath.h">
      <Filter>ScriptCode\FSM\Boss\Castle</Filter>
    </ClInclude>
    <ClInclude Include="CSceneChange.h">
      <Filter>ScriptCode\System\Scene</Filter>
    </ClInclude>
    <ClInclude Include="CMemoryPoolScript.h">
      <Filter>ScriptCode\System\MemoryPool</Filter>
    </ClInclude>
    <ClInclude Include="CEffectScript.h">
      <Filter>ScriptCode\Effect</Filter>
    </ClInclude>
    <ClInclude Include="CPlayerChain.h">
      <Filter>ScriptCode\Actor\Projectile\Player</Filter>
    </ClInclude>
    <ClInclude Include="CPlayerHook.h">
      <Filter>ScriptCode\Actor\Projectile\Player</Filter>
    </ClInclude>
    <ClInclude Include="CSlashEffect.h">
      <Filter>ScriptCode\Effect\SlashEffect</Filter>
    </ClInclude>
    <ClInclude Include="CExplosionParticle.h">
      <Filter>ScriptCode\Effect\PartcleScript</Filter>
    </ClInclude>
    <ClInclude Include="CHpBar.h">
      <Filter>ScriptCode\System\UI</Filter>
    </ClInclude>
    <ClInclude Include="CWeaponType.h">
      <Filter>ScriptCode\System\UI</Filter>
    </ClInclude>
    <ClInclude Include="CTitle.h">
      <Filter>ScriptCode\System\UI</Filter>
    </ClInclude>
    <ClInclude Include="CEnding.h">
      <Filter>ScriptCode\System\UI</Filter>
    </ClInclude>
    <ClInclude Include="CMapGimic.h">
      <Filter>ScriptCode\Map_Gimic</Filter>
    </ClInclude>
    <ClInclude Include="CUpDownSwitch.h">
      <Filter>ScriptCode\Map_Gimic\UpDown_Switch</Filter>
    </ClInclude>
    <ClInclude Include="CFireDamageParticle.h">
      <Filter>ScriptCode\Effect\PartcleScript</Filter>
    </ClInclude>
    <ClInclude Include="CAttackImpactScript.h">
      <Filter>ScriptCode\Effect\AttackImpact</Filter>
    </ClInclude>
    <ClInclude Include="CAnchor.h">
      <Filter>ScriptCode\Map_Gimic\Anchor</Filter>
    </ClInclude>
    <ClInclude Include="CFence.h">
      <Filter>ScriptCode\Map_Gimic\Fence</Filter>
    </ClInclude>
    <ClInclude Include="CSpinLaser.h">
      <Filter>ScriptCode\Map_Gimic\SpinLaser</Filter>
    </ClInclude>
    <ClInclude Include="CElevator.h">
      <Filter>ScriptCode\Map_Gimic\Elevator</Filter>
    </ClInclude>
    <ClInclude Include="CCastleLaser.h">
      <Filter>ScriptCode\Actor\Projectile\Castle</Filter>
    </ClInclude>
    <ClInclude Include="CFogScript.h">
      <Filter>ScriptCode\System\Fog</Filter>
    </ClInclude>
    <ClInclude Include="CDoorScript.h">
      <Filter>ScriptCode\Map_Gimic\Door</Filter>
    </ClInclude>
    <ClInclude Include="TIronIdle.h">
      <Filter>ScriptCode\FSM\Boss\Iron</Filter>
    </ClInclude>
    <ClInclude Include="CLeverScript.h">
      <Filter>ScriptCode\Map_Gimic\Lever</Filter>
    </ClInclude>
    <ClInclude Include="CGateScript.h">
      <Filter>ScriptCode\Map_Gimic\Gate</Filter>
    </ClInclude>
    <ClInclude Include="TCastleCutSceneWalk.h">
      <Filter>ScriptCode\FSM\Boss\Castle</Filter>
    </ClInclude>
  </ItemGroup>
  <ItemGroup>
    <Filter Include="Default">
      <UniqueIdentifier>{e4e4557c-e528-467f-8a45-f0ed293e613c}</UniqueIdentifier>
    </Filter>
    <Filter Include="ScriptCode">
      <UniqueIdentifier>{1f77e2bc-7650-48f4-8ed5-a35b7b119fd0}</UniqueIdentifier>
    </Filter>
    <Filter Include="ScriptCode\Actor">
      <UniqueIdentifier>{9957e515-72c6-467f-b60e-0db6342ff115}</UniqueIdentifier>
    </Filter>
    <Filter Include="ScriptCode\Actor\Monster">
      <UniqueIdentifier>{4fc8f0e9-2b27-4ac2-9dd9-f5c505f9d026}</UniqueIdentifier>
    </Filter>
    <Filter Include="ScriptCode\Actor\Player">
      <UniqueIdentifier>{6463b054-d226-405e-817c-d652a1f5738b}</UniqueIdentifier>
    </Filter>
    <Filter Include="ScriptCode\Actor\Monster\TestMonster">
      <UniqueIdentifier>{1ab8d4dd-d6c0-4419-ab1d-e77d1f6c105a}</UniqueIdentifier>
    </Filter>
    <Filter Include="ScriptCode\Actor\Projectile">
      <UniqueIdentifier>{2b10c0b4-c86e-45df-bdb3-254511d8d39a}</UniqueIdentifier>
    </Filter>
    <Filter Include="ScriptCode\Actor\Projectile\Bazooka">
      <UniqueIdentifier>{86c9704d-8160-496c-bf61-c7a2904ccd51}</UniqueIdentifier>
    </Filter>
    <Filter Include="ScriptCode\Actor\Projectile\Plant">
      <UniqueIdentifier>{d415f07f-f1a8-4004-96a3-7394e56de30f}</UniqueIdentifier>
    </Filter>
    <Filter Include="ScriptCode\Actor\Projectile\Skull">
      <UniqueIdentifier>{07c7b6f8-03c4-477e-aa7d-e0373319ff38}</UniqueIdentifier>
    </Filter>
    <Filter Include="ScriptCode\Actor\Projectile\TestMonster">
      <UniqueIdentifier>{4c584150-1b87-4636-8d3b-87e2fcb5d1a7}</UniqueIdentifier>
    </Filter>
    <Filter Include="ScriptCode\Actor\Projectile\Tongue">
      <UniqueIdentifier>{949b8665-a7aa-4f85-9f1e-65a0542d085a}</UniqueIdentifier>
    </Filter>
    <Filter Include="ScriptCode\Actor\Monster\Bazooka">
      <UniqueIdentifier>{1ba42152-2fc3-4049-ac23-f77530b67c8b}</UniqueIdentifier>
    </Filter>
    <Filter Include="ScriptCode\Actor\Monster\Nail">
      <UniqueIdentifier>{c970c519-e91f-4626-a2f8-ca16368b0452}</UniqueIdentifier>
    </Filter>
    <Filter Include="ScriptCode\Actor\Monster\Plant">
      <UniqueIdentifier>{1fd80b94-55cb-43fd-8d40-8c4caef97a9e}</UniqueIdentifier>
    </Filter>
    <Filter Include="ScriptCode\Actor\Monster\Skull">
      <UniqueIdentifier>{5f573f37-d609-465f-83b6-496cb0fe5584}</UniqueIdentifier>
    </Filter>
    <Filter Include="ScriptCode\Actor\Monster\SpearMan">
      <UniqueIdentifier>{e7491477-38e1-4176-b4b0-f57d0738ece4}</UniqueIdentifier>
    </Filter>
    <Filter Include="ScriptCode\Actor\Monster\Spider">
      <UniqueIdentifier>{4b91a200-0bcc-4980-ae10-2d67e9600f82}</UniqueIdentifier>
    </Filter>
    <Filter Include="ScriptCode\Actor\Monster\Tongue">
      <UniqueIdentifier>{0ce63cea-7414-4560-adc3-9f16a8fd78d2}</UniqueIdentifier>
    </Filter>
    <Filter Include="ScriptCode\Actor\Monster\Bat">
      <UniqueIdentifier>{578eccf0-4633-4d9d-ad8c-4f8756debc65}</UniqueIdentifier>
    </Filter>
    <Filter Include="ScriptCode\System">
      <UniqueIdentifier>{99b0343f-915d-415f-a01d-b46395c8b2e2}</UniqueIdentifier>
    </Filter>
    <Filter Include="ScriptCode\FSM">
      <UniqueIdentifier>{9a7e1e0d-033e-49d5-aeed-fb3b01924e46}</UniqueIdentifier>
    </Filter>
    <Filter Include="ScriptCode\FSM\Player">
      <UniqueIdentifier>{d0a34332-1bd0-466f-85d1-093f26d2d9ec}</UniqueIdentifier>
    </Filter>
    <Filter Include="ScriptCode\Actor\Boss">
      <UniqueIdentifier>{a20ed7c5-7fee-49cc-848a-ff14f462e4dd}</UniqueIdentifier>
    </Filter>
    <Filter Include="ScriptCode\Actor\Boss\Crow">
      <UniqueIdentifier>{40fe09f5-1f13-4167-84a8-31e5531c3716}</UniqueIdentifier>
    </Filter>
    <Filter Include="ScriptCode\Actor\Boss\Ironmace">
      <UniqueIdentifier>{4fd6f1b3-4edd-46b6-b4d6-d0b6bddf2eaf}</UniqueIdentifier>
    </Filter>
    <Filter Include="ScriptCode\Actor\Projectile\Crow">
      <UniqueIdentifier>{4eb01e2d-8eda-4167-91d5-7ab79e680c05}</UniqueIdentifier>
    </Filter>
    <Filter Include="ScriptCode\Actor\Projectile\Player">
      <UniqueIdentifier>{4155bc6c-50bd-4fc8-aead-d51032f6a020}</UniqueIdentifier>
    </Filter>
    <Filter Include="ScriptCode\FSM\Boss">
      <UniqueIdentifier>{c80aecef-f553-4b6b-b121-2624e815df4d}</UniqueIdentifier>
    </Filter>
    <Filter Include="ScriptCode\FSM\Boss\Crow">
      <UniqueIdentifier>{720281f5-7ca5-476c-9ea0-25315dddeff5}</UniqueIdentifier>
    </Filter>
    <Filter Include="ScriptCode\FSM\Boss\Iron">
      <UniqueIdentifier>{32cc9c48-a7f8-4d02-9a18-4523cf96ec3e}</UniqueIdentifier>
    </Filter>
    <Filter Include="ScriptCode\System\Camera">
      <UniqueIdentifier>{bb22593d-6d21-455b-b487-311ceee5c673}</UniqueIdentifier>
    </Filter>
    <Filter Include="ScriptCode\System\Random">
      <UniqueIdentifier>{54c36434-fba0-41d9-863d-c97d141a181c}</UniqueIdentifier>
    </Filter>
    <Filter Include="ScriptCode\System\SkyBox">
      <UniqueIdentifier>{49c377c8-bec4-49ec-996d-00c35e1fa8da}</UniqueIdentifier>
    </Filter>
    <Filter Include="ScriptCode\Actor\Boss\Castle">
      <UniqueIdentifier>{c3678373-01f0-432e-92d0-a6679cce46fb}</UniqueIdentifier>
    </Filter>
    <Filter Include="ScriptCode\FSM\Boss\Castle">
      <UniqueIdentifier>{b25caa2f-3589-4250-b57e-6d7fbe3724ae}</UniqueIdentifier>
    </Filter>
    <Filter Include="ScriptCode\Actor\Projectile\Castle">
      <UniqueIdentifier>{a6614b01-f7dc-4ccf-986b-0e014eadfbc7}</UniqueIdentifier>
    </Filter>
    <Filter Include="ScriptCode\System\Map">
      <UniqueIdentifier>{8846e00a-1868-4f90-a11e-cb450c512ce8}</UniqueIdentifier>
    </Filter>
    <Filter Include="ScriptCode\System\Camera\Fade">
      <UniqueIdentifier>{a22b828e-cde1-4891-ac1f-384094a9a44b}</UniqueIdentifier>
    </Filter>
    <Filter Include="ScriptCode\System\Scene">
      <UniqueIdentifier>{117e8836-5453-47c9-ba02-bb6d0e94a574}</UniqueIdentifier>
    </Filter>
    <Filter Include="ScriptCode\System\MemoryPool">
      <UniqueIdentifier>{324422c2-7c64-4d2e-8561-1a385b6d1233}</UniqueIdentifier>
    </Filter>
    <Filter Include="ScriptCode\Effect">
      <UniqueIdentifier>{d3f9956f-9b47-4272-b5f1-47d9624f9372}</UniqueIdentifier>
    </Filter>
    <Filter Include="ScriptCode\Effect\PartcleScript">
      <UniqueIdentifier>{ba96726f-859d-40d1-be58-257f90ada6aa}</UniqueIdentifier>
    </Filter>
    <Filter Include="ScriptCode\Effect\SlashEffect">
      <UniqueIdentifier>{ec25432e-85b4-45ff-abf5-04d4445c70f2}</UniqueIdentifier>
    </Filter>
    <Filter Include="ScriptCode\System\UI">
      <UniqueIdentifier>{14da5653-a8ba-4a3a-a95d-e3685a12c8ad}</UniqueIdentifier>
    </Filter>
    <Filter Include="ScriptCode\Map_Gimic">
      <UniqueIdentifier>{f0b9c29a-833f-49d1-9f07-adabd770f10c}</UniqueIdentifier>
    </Filter>
    <Filter Include="ScriptCode\Map_Gimic\UpDown_Switch">
      <UniqueIdentifier>{e98fff0c-edc4-4829-aeaf-f077dc4d6985}</UniqueIdentifier>
    </Filter>
    <Filter Include="ScriptCode\Effect\AttackImpact">
      <UniqueIdentifier>{623b0d7d-473e-483e-9f3e-187c0a893c41}</UniqueIdentifier>
    </Filter>
    <Filter Include="ScriptCode\Map_Gimic\Anchor">
      <UniqueIdentifier>{b4d39bec-cc43-4517-a117-7a0d1e3f48bb}</UniqueIdentifier>
    </Filter>
    <Filter Include="ScriptCode\Map_Gimic\Elevator">
      <UniqueIdentifier>{56f98844-8b24-4221-aaab-daa47f969ff0}</UniqueIdentifier>
    </Filter>
    <Filter Include="ScriptCode\Map_Gimic\Fence">
      <UniqueIdentifier>{337c7765-b151-4453-a8a1-9934f82fecf2}</UniqueIdentifier>
    </Filter>
    <Filter Include="ScriptCode\Map_Gimic\SpinLaser">
      <UniqueIdentifier>{29d3c714-a1bf-497e-9103-fb2b48f27f73}</UniqueIdentifier>
    </Filter>
    <Filter Include="ScriptCode\System\Fog">
      <UniqueIdentifier>{1857a5a9-c658-4fb0-9607-4ee2b19af674}</UniqueIdentifier>
    </Filter>
    <Filter Include="ScriptCode\Map_Gimic\Door">
      <UniqueIdentifier>{66aff110-9f68-49e5-ae4d-43f5ecb6c531}</UniqueIdentifier>
    </Filter>
    <Filter Include="ScriptCode\Map_Gimic\Lever">
      <UniqueIdentifier>{b914d58f-545b-4309-ba29-52c3f86e0c26}</UniqueIdentifier>
    </Filter>
    <Filter Include="ScriptCode\Map_Gimic\Gate">
      <UniqueIdentifier>{fb27cf26-154a-4e2a-ae1d-37546ed530d8}</UniqueIdentifier>
    </Filter>
  </ItemGroup>
  <ItemGroup>
    <ClCompile Include="pch.cpp">
      <Filter>Default</Filter>
    </ClCompile>
    <ClCompile Include="CActorScript.cpp">
      <Filter>ScriptCode\Actor</Filter>
    </ClCompile>
    <ClCompile Include="CBatScript.cpp">
      <Filter>ScriptCode\Actor\Monster\Bat</Filter>
    </ClCompile>
    <ClCompile Include="CBazookaBullet.cpp">
      <Filter>ScriptCode\Actor\Projectile\Bazooka</Filter>
    </ClCompile>
    <ClCompile Include="CBazookaScript.cpp">
      <Filter>ScriptCode\Actor\Monster\Bazooka</Filter>
    </ClCompile>
    <ClCompile Include="CBossScript.cpp">
      <Filter>ScriptCode\Actor\Boss</Filter>
    </ClCompile>
    <ClCompile Include="CCameraScript.cpp">
      <Filter>ScriptCode\System\Camera</Filter>
    </ClCompile>
    <ClCompile Include="CCrowBatBullet.cpp">
      <Filter>ScriptCode\Actor\Projectile\Crow</Filter>
    </ClCompile>
    <ClCompile Include="CCrowBullet.cpp">
      <Filter>ScriptCode\Actor\Projectile\Crow</Filter>
    </ClCompile>
    <ClCompile Include="CCrowEggBullet.cpp">
      <Filter>ScriptCode\Actor\Projectile\Crow</Filter>
    </ClCompile>
    <ClCompile Include="CCrowScript.cpp">
      <Filter>ScriptCode\Actor\Boss\Crow</Filter>
    </ClCompile>
    <ClCompile Include="CIronmaceScript.cpp">
      <Filter>ScriptCode\Actor\Boss\Ironmace</Filter>
    </ClCompile>
    <ClCompile Include="CMonsterScript.cpp">
      <Filter>ScriptCode\Actor\Monster</Filter>
    </ClCompile>
    <ClCompile Include="CNailScript.cpp">
      <Filter>ScriptCode\Actor\Monster\Nail</Filter>
    </ClCompile>
    <ClCompile Include="CPlantBullet.cpp">
      <Filter>ScriptCode\Actor\Projectile\Plant</Filter>
    </ClCompile>
    <ClCompile Include="CPlantScript.cpp">
      <Filter>ScriptCode\Actor\Monster\Plant</Filter>
    </ClCompile>
    <ClCompile Include="CPlayerArrow.cpp">
      <Filter>ScriptCode\Actor\Projectile\Player</Filter>
    </ClCompile>
    <ClCompile Include="CPlayerBomb.cpp">
      <Filter>ScriptCode\Actor\Projectile\Player</Filter>
    </ClCompile>
    <ClCompile Include="CPlayerMagic.cpp">
      <Filter>ScriptCode\Actor\Projectile\Player</Filter>
    </ClCompile>
    <ClCompile Include="CPlayerScript.cpp">
      <Filter>ScriptCode\Actor\Player</Filter>
    </ClCompile>
    <ClCompile Include="CProjectile.cpp">
      <Filter>ScriptCode\Actor\Projectile</Filter>
    </ClCompile>
    <ClCompile Include="CRandomMgrScript.cpp">
      <Filter>ScriptCode\System\Random</Filter>
    </ClCompile>
    <ClCompile Include="CScriptMgr.cpp">
      <Filter>ScriptCode</Filter>
    </ClCompile>
    <ClCompile Include="CSkullBullet.cpp">
      <Filter>ScriptCode\Actor\Projectile\Skull</Filter>
    </ClCompile>
    <ClCompile Include="CSkullScript.cpp">
      <Filter>ScriptCode\Actor\Monster\Skull</Filter>
    </ClCompile>
    <ClCompile Include="CSkyBoxScript.cpp">
      <Filter>ScriptCode\System\SkyBox</Filter>
    </ClCompile>
    <ClCompile Include="CSpearManScript.cpp">
      <Filter>ScriptCode\Actor\Monster\SpearMan</Filter>
    </ClCompile>
    <ClCompile Include="CSpiderScript.cpp">
      <Filter>ScriptCode\Actor\Monster\Spider</Filter>
    </ClCompile>
    <ClCompile Include="CTestMonsterAttackEffect.cpp">
      <Filter>ScriptCode\Actor\Projectile\TestMonster</Filter>
    </ClCompile>
    <ClCompile Include="CTestMonsterScript.cpp">
      <Filter>ScriptCode\Actor\Monster\TestMonster</Filter>
    </ClCompile>
    <ClCompile Include="CTongueBullet.cpp">
      <Filter>ScriptCode\Actor\Projectile\Tongue</Filter>
    </ClCompile>
    <ClCompile Include="CTongueScript.cpp">
      <Filter>ScriptCode\Actor\Monster\Tongue</Filter>
    </ClCompile>
    <ClCompile Include="TCrowBatBullet.cpp">
      <Filter>ScriptCode\FSM\Boss\Crow</Filter>
    </ClCompile>
    <ClCompile Include="TCrowCutScene.cpp">
      <Filter>ScriptCode\FSM\Boss\Crow</Filter>
    </ClCompile>
    <ClCompile Include="TCrowDeath.cpp">
      <Filter>ScriptCode\FSM\Boss\Crow</Filter>
    </ClCompile>
    <ClCompile Include="TCrowGuidedBullet.cpp">
      <Filter>ScriptCode\FSM\Boss\Crow</Filter>
    </ClCompile>
    <ClCompile Include="TCrowIdle.cpp">
      <Filter>ScriptCode\FSM\Boss\Crow</Filter>
    </ClCompile>
    <ClCompile Include="TCrowJump.cpp">
      <Filter>ScriptCode\FSM\Boss\Crow</Filter>
    </ClCompile>
    <ClCompile Include="TCrowLeftSpin.cpp">
      <Filter>ScriptCode\FSM\Boss\Crow</Filter>
    </ClCompile>
    <ClCompile Include="TCrowRightSpin.cpp">
      <Filter>ScriptCode\FSM\Boss\Crow</Filter>
    </ClCompile>
    <ClCompile Include="TCrowRun.cpp">
      <Filter>ScriptCode\FSM\Boss\Crow</Filter>
    </ClCompile>
    <ClCompile Include="TCrowSliding.cpp">
      <Filter>ScriptCode\FSM\Boss\Crow</Filter>
    </ClCompile>
    <ClCompile Include="TCrowSlidingReady.cpp">
      <Filter>ScriptCode\FSM\Boss\Crow</Filter>
    </ClCompile>
    <ClCompile Include="TCrowSlidingRot.cpp">
      <Filter>ScriptCode\FSM\Boss\Crow</Filter>
    </ClCompile>
    <ClCompile Include="TCrowSpitting.cpp">
      <Filter>ScriptCode\FSM\Boss\Crow</Filter>
    </ClCompile>
    <ClCompile Include="TCrowStandingDeath.cpp">
      <Filter>ScriptCode\FSM\Boss\Crow</Filter>
    </ClCompile>
    <ClCompile Include="TCrowStomp.cpp">
      <Filter>ScriptCode\FSM\Boss\Crow</Filter>
    </ClCompile>
    <ClCompile Include="TCrowWalk.cpp">
      <Filter>ScriptCode\FSM\Boss\Crow</Filter>
    </ClCompile>
    <ClCompile Include="TIronChopAttack.cpp">
      <Filter>ScriptCode\FSM\Boss\Iron</Filter>
    </ClCompile>
    <ClCompile Include="TIronChopAttackCombo.cpp">
      <Filter>ScriptCode\FSM\Boss\Iron</Filter>
    </ClCompile>
    <ClCompile Include="TIronChopAttackComboEnd.cpp">
      <Filter>ScriptCode\FSM\Boss\Iron</Filter>
    </ClCompile>
    <ClCompile Include="TIronChopAttackEnd.cpp">
      <Filter>ScriptCode\FSM\Boss\Iron</Filter>
    </ClCompile>
    <ClCompile Include="TIronCutScene.cpp">
      <Filter>ScriptCode\FSM\Boss\Iron</Filter>
    </ClCompile>
    <ClCompile Include="TIronDeath.cpp">
      <Filter>ScriptCode\FSM\Boss\Iron</Filter>
    </ClCompile>
    <ClCompile Include="TIronJumpAttack.cpp">
      <Filter>ScriptCode\FSM\Boss\Iron</Filter>
    </ClCompile>
    <ClCompile Include="TIronJumpAttack2.cpp">
      <Filter>ScriptCode\FSM\Boss\Iron</Filter>
    </ClCompile>
    <ClCompile Include="TIronJumpFinish.cpp">
      <Filter>ScriptCode\FSM\Boss\Iron</Filter>
    </ClCompile>
    <ClCompile Include="TIronJumpReady.cpp">
      <Filter>ScriptCode\FSM\Boss\Iron</Filter>
    </ClCompile>
    <ClCompile Include="TIronRunAttack.cpp">
      <Filter>ScriptCode\FSM\Boss\Iron</Filter>
    </ClCompile>
    <ClCompile Include="TIronSpinAttack.cpp">
      <Filter>ScriptCode\FSM\Boss\Iron</Filter>
    </ClCompile>
    <ClCompile Include="TIronSpinAttackCombo.cpp">
      <Filter>ScriptCode\FSM\Boss\Iron</Filter>
    </ClCompile>
    <ClCompile Include="TIronWalk.cpp">
      <Filter>ScriptCode\FSM\Boss\Iron</Filter>
    </ClCompile>
    <ClCompile Include="TPlayerArrow.cpp">
      <Filter>ScriptCode\FSM\Player</Filter>
    </ClCompile>
    <ClCompile Include="TPlayerBomb.cpp">
      <Filter>ScriptCode\FSM\Player</Filter>
    </ClCompile>
    <ClCompile Include="TPlayerBomb_Finish.cpp">
      <Filter>ScriptCode\FSM\Player</Filter>
    </ClCompile>
    <ClCompile Include="TPlayerCharge_Attack_L.cpp">
      <Filter>ScriptCode\FSM\Player</Filter>
    </ClCompile>
    <ClCompile Include="TPlayerCharge_Attack_R.cpp">
      <Filter>ScriptCode\FSM\Player</Filter>
    </ClCompile>
    <ClCompile Include="TPlayerCharge_L.cpp">
      <Filter>ScriptCode\FSM\Player</Filter>
    </ClCompile>
    <ClCompile Include="TPlayerCharge_R.cpp">
      <Filter>ScriptCode\FSM\Player</Filter>
    </ClCompile>
    <ClCompile Include="TPlayerChargeMax_L.cpp">
      <Filter>ScriptCode\FSM\Player</Filter>
    </ClCompile>
    <ClCompile Include="TPlayerChargeMax_R.cpp">
      <Filter>ScriptCode\FSM\Player</Filter>
    </ClCompile>
    <ClCompile Include="TPlayerDance.cpp">
      <Filter>ScriptCode\FSM\Player</Filter>
    </ClCompile>
    <ClCompile Include="TPlayerDrown.cpp">
      <Filter>ScriptCode\FSM\Player</Filter>
    </ClCompile>
    <ClCompile Include="TPlayerGet_Item.cpp">
      <Filter>ScriptCode\FSM\Player</Filter>
    </ClCompile>
    <ClCompile Include="TPlayerHit_Back.cpp">
      <Filter>ScriptCode\FSM\Player</Filter>
    </ClCompile>
    <ClCompile Include="TPlayerHit_Recover.cpp">
      <Filter>ScriptCode\FSM\Player</Filter>
    </ClCompile>
    <ClCompile Include="TPlayerHook.cpp">
      <Filter>ScriptCode\FSM\Player</Filter>
    </ClCompile>
    <ClCompile Include="TPlayerHookFly.cpp">
      <Filter>ScriptCode\FSM\Player</Filter>
    </ClCompile>
    <ClCompile Include="TPlayerIdle.cpp">
      <Filter>ScriptCode\FSM\Player</Filter>
    </ClCompile>
    <ClCompile Include="TPlayerLadder_Down.cpp">
      <Filter>ScriptCode\FSM\Player</Filter>
    </ClCompile>
    <ClCompile Include="TPlayerLadder_Top.cpp">
      <Filter>ScriptCode\FSM\Player</Filter>
    </ClCompile>
    <ClCompile Include="TPlayerLadder_Up.cpp">
      <Filter>ScriptCode\FSM\Player</Filter>
    </ClCompile>
    <ClCompile Include="TPlayerMagic.cpp">
      <Filter>ScriptCode\FSM\Player</Filter>
    </ClCompile>
    <ClCompile Include="TPlayerRoll.cpp">
      <Filter>ScriptCode\FSM\Player</Filter>
    </ClCompile>
    <ClCompile Include="TPlayerRollSlash.cpp">
      <Filter>ScriptCode\FSM\Player</Filter>
    </ClCompile>
    <ClCompile Include="TPlayerRun.cpp">
      <Filter>ScriptCode\FSM\Player</Filter>
    </ClCompile>
    <ClCompile Include="TPlayerSlash_Attack_L.cpp">
      <Filter>ScriptCode\FSM\Player</Filter>
    </ClCompile>
    <ClCompile Include="TPlayerSlash_Attack_R.cpp">
      <Filter>ScriptCode\FSM\Player</Filter>
    </ClCompile>
    <ClCompile Include="CCastleScript.cpp">
      <Filter>ScriptCode\Actor\Boss\Castle</Filter>
    </ClCompile>
    <ClCompile Include="TCastleCutScene.cpp">
      <Filter>ScriptCode\FSM\Boss\Castle</Filter>
    </ClCompile>
    <ClCompile Include="TCastleFly.cpp">
      <Filter>ScriptCode\FSM\Boss\Castle</Filter>
    </ClCompile>
    <ClCompile Include="TCastleFly_Finish.cpp">
      <Filter>ScriptCode\FSM\Boss\Castle</Filter>
    </ClCompile>
    <ClCompile Include="TCastleFly_Start.cpp">
      <Filter>ScriptCode\FSM\Boss\Castle</Filter>
    </ClCompile>
    <ClCompile Include="TCastleFly_Stay.cpp">
      <Filter>ScriptCode\FSM\Boss\Castle</Filter>
    </ClCompile>
    <ClCompile Include="TCastleLaser_Finish.cpp">
      <Filter>ScriptCode\FSM\Boss\Castle</Filter>
    </ClCompile>
    <ClCompile Include="TCastleLaser_Ready.cpp">
      <Filter>ScriptCode\FSM\Boss\Castle</Filter>
    </ClCompile>
    <ClCompile Include="TCastleLeftBack_HalfSpin.cpp">
      <Filter>ScriptCode\FSM\Boss\Castle</Filter>
    </ClCompile>
    <ClCompile Include="TCastleLeftFront_HalfSpin.cpp">
      <Filter>ScriptCode\FSM\Boss\Castle</Filter>
    </ClCompile>
    <ClCompile Include="TCastleMissile_Close.cpp">
      <Filter>ScriptCode\FSM\Boss\Castle</Filter>
    </ClCompile>
    <ClCompile Include="TCastleMissile_Open.cpp">
      <Filter>ScriptCode\FSM\Boss\Castle</Filter>
    </ClCompile>
    <ClCompile Include="TCastleRightBack_HalfSpin.cpp">
      <Filter>ScriptCode\FSM\Boss\Castle</Filter>
    </ClCompile>
    <ClCompile Include="TCastleRightFront_HalfSpin.cpp">
      <Filter>ScriptCode\FSM\Boss\Castle</Filter>
    </ClCompile>
    <ClCompile Include="TCastleSpin.cpp">
      <Filter>ScriptCode\FSM\Boss\Castle</Filter>
    </ClCompile>
    <ClCompile Include="TCastleWalk.cpp">
      <Filter>ScriptCode\FSM\Boss\Castle</Filter>
    </ClCompile>
    <ClCompile Include="CCastleBullet.cpp">
      <Filter>ScriptCode\Actor\Projectile\Castle</Filter>
    </ClCompile>
    <ClCompile Include="CMapChange.cpp">
      <Filter>ScriptCode\System\Map</Filter>
    </ClCompile>
    <ClCompile Include="CFadeScript.cpp">
      <Filter>ScriptCode\System\Camera\Fade</Filter>
    </ClCompile>
    <ClCompile Include="TCastleDeath.cpp">
      <Filter>ScriptCode\FSM\Boss\Castle</Filter>
    </ClCompile>
    <ClCompile Include="CSceneChange.cpp">
      <Filter>ScriptCode\System\Scene</Filter>
    </ClCompile>
    <ClCompile Include="CMemoryPoolScript.cpp">
      <Filter>ScriptCode\System\MemoryPool</Filter>
    </ClCompile>
    <ClCompile Include="CEffectScript.cpp">
      <Filter>ScriptCode\Effect</Filter>
    </ClCompile>
    <ClCompile Include="CPlayerChain.cpp">
      <Filter>ScriptCode\Actor\Projectile\Player</Filter>
    </ClCompile>
    <ClCompile Include="CPlayerHook.cpp">
      <Filter>ScriptCode\Actor\Projectile\Player</Filter>
    </ClCompile>
    <ClCompile Include="CSlashEffect.cpp">
      <Filter>ScriptCode\Effect\SlashEffect</Filter>
    </ClCompile>
    <ClCompile Include="CExplosionParticle.cpp">
      <Filter>ScriptCode\Effect\PartcleScript</Filter>
    </ClCompile>
    <ClCompile Include="CHpBar.cpp">
      <Filter>ScriptCode\System\UI</Filter>
    </ClCompile>
    <ClCompile Include="CWeaponType.cpp">
      <Filter>ScriptCode\System\UI</Filter>
    </ClCompile>
    <ClCompile Include="CEnding.cpp">
      <Filter>ScriptCode\System\UI</Filter>
    </ClCompile>
    <ClCompile Include="CTitle.cpp">
      <Filter>ScriptCode\System\UI</Filter>
    </ClCompile>
    <ClCompile Include="CMapGimic.cpp">
      <Filter>ScriptCode\Map_Gimic</Filter>
    </ClCompile>
    <ClCompile Include="CUpDownSwitch.cpp">
      <Filter>ScriptCode\Map_Gimic\UpDown_Switch</Filter>
    </ClCompile>
    <ClCompile Include="CFireDamageParticle.cpp">
      <Filter>ScriptCode\Effect\PartcleScript</Filter>
    </ClCompile>
    <ClCompile Include="CAttackImpactScript.cpp">
      <Filter>ScriptCode\Effect\AttackImpact</Filter>
    </ClCompile>
    <ClCompile Include="CAnchor.cpp">
      <Filter>ScriptCode\Map_Gimic\Anchor</Filter>
    </ClCompile>
    <ClCompile Include="CFence.cpp">
      <Filter>ScriptCode\Map_Gimic\Fence</Filter>
    </ClCompile>
    <ClCompile Include="CSpinLaser.cpp">
      <Filter>ScriptCode\Map_Gimic\SpinLaser</Filter>
    </ClCompile>
    <ClCompile Include="CElevator.cpp">
      <Filter>ScriptCode\Map_Gimic\Elevator</Filter>
    </ClCompile>
    <ClCompile Include="CCastleLaser.cpp">
      <Filter>ScriptCode\Actor\Projectile\Castle</Filter>
    </ClCompile>
    <ClCompile Include="CFogScript.cpp">
      <Filter>ScriptCode\System\Fog</Filter>
    </ClCompile>
    <ClCompile Include="CDoorScript.cpp">
      <Filter>ScriptCode\Map_Gimic\Door</Filter>
    </ClCompile>
    <ClCompile Include="TIronIdle.cpp">
      <Filter>ScriptCode\FSM\Boss\Iron</Filter>
    </ClCompile>
    <ClCompile Include="CLeverScript.cpp">
      <Filter>ScriptCode\Map_Gimic\Lever</Filter>
    </ClCompile>
    <ClCompile Include="CGateScript.cpp">
      <Filter>ScriptCode\Map_Gimic\Gate</Filter>
    </ClCompile>
    <ClCompile Include="TCastleCutSceneWalk.cpp">
      <Filter>ScriptCode\FSM\Boss\Castle</Filter>
    </ClCompile>
  </ItemGroup>
</Project>